
Microsoft Visual Studio Solution File, Format Version 12.00
# Visual Studio Version 17
VisualStudioVersion = 17.7.34031.279
MinimumVisualStudioVersion = 10.0.40219.1
Project("{FAE04EC0-301F-11D3-BF4B-00C04F79EFBC}") = "Tournament_422_Gabdrakhmanov", "Tournament_422_Gabdrakhmanov\Tournament_422_Gabdrakhmanov.csproj", "{D5800556-6CBE-4936-84EB-DF8DD8CE8553}"
EndProject
Global
	GlobalSection(SolutionConfigurationPlatforms) = preSolution
		Debug|Any CPU = Debug|Any CPU
		Release|Any CPU = Release|Any CPU
	EndGlobalSection
	GlobalSection(ProjectConfigurationPlatforms) = postSolution
		{D5800556-6CBE-4936-84EB-DF8DD8CE8553}.Debug|Any CPU.ActiveCfg = Debug|Any CPU
		{D5800556-6CBE-4936-84EB-DF8DD8CE8553}.Debug|Any CPU.Build.0 = Debug|Any CPU
		{D5800556-6CBE-4936-84EB-DF8DD8CE8553}.Release|Any CPU.ActiveCfg = Release|Any CPU
		{D5800556-6CBE-4936-84EB-DF8DD8CE8553}.Release|Any CPU.Build.0 = Release|Any CPU
	EndGlobalSection
	GlobalSection(SolutionProperties) = preSolution
		HideSolutionNode = FALSE
	EndGlobalSection
	GlobalSection(ExtensibilityGlobals) = postSolution
		SolutionGuid = {00F3D5D7-BE86-41DF-BFFB-A535D25FB148}
	EndGlobalSection
EndGlobal
